
Microsoft Visual Studio Solution File, Format Version 12.00
# Visual Studio Version 16
VisualStudioVersion = 16.0.31624.102
MinimumVisualStudioVersion = 10.0.40219.1
Project("{FAE04EC0-301F-11D3-BF4B-00C04F79EFBC}") = "IndiceMasaCorporal", "IndiceMasaCorporal.csproj", "{A2F6C572-3FB4-40C8-8443-779E2B8B6C29}"
EndProject
Global
	GlobalSection(SolutionConfigurationPlatforms) = preSolution
		Debug|Any CPU = Debug|Any CPU
		Release|Any CPU = Release|Any CPU
	EndGlobalSection
	GlobalSection(ProjectConfigurationPlatforms) = postSolution
		{A2F6C572-3FB4-40C8-8443-779E2B8B6C29}.Debug|Any CPU.ActiveCfg = Debug|Any CPU
		{A2F6C572-3FB4-40C8-8443-779E2B8B6C29}.Debug|Any CPU.Build.0 = Debug|Any CPU
		{A2F6C572-3FB4-40C8-8443-779E2B8B6C29}.Release|Any CPU.ActiveCfg = Release|Any CPU
		{A2F6C572-3FB4-40C8-8443-779E2B8B6C29}.Release|Any CPU.Build.0 = Release|Any CPU
	EndGlobalSection
	GlobalSection(SolutionProperties) = preSolution
		HideSolutionNode = FALSE
	EndGlobalSection
	GlobalSection(ExtensibilityGlobals) = postSolution
		SolutionGuid = {508F98C9-0B28-4337-9104-A9428A9F3861}
	EndGlobalSection
EndGlobal
